
Microsoft Visual Studio Solution File, Format Version 12.00
# Visual Studio Version 16
VisualStudioVersion = 16.0.29102.190
MinimumVisualStudioVersion = 10.0.40219.1
Project("{FAE04EC0-301F-11D3-BF4B-00C04F79EFBC}") = "Sassy NFO Generator", "Sassy NFO Generator.csproj", "{09A59E4A-E676-44A1-B64E-68332A1CD12D}"
EndProject
Global
	GlobalSection(SolutionConfigurationPlatforms) = preSolution
		Debug|Any CPU = Debug|Any CPU
		Release|Any CPU = Release|Any CPU
	EndGlobalSection
	GlobalSection(ProjectConfigurationPlatforms) = postSolution
		{09A59E4A-E676-44A1-B64E-68332A1CD12D}.Debug|Any CPU.ActiveCfg = Debug|Any CPU
		{09A59E4A-E676-44A1-B64E-68332A1CD12D}.Debug|Any CPU.Build.0 = Debug|Any CPU
		{09A59E4A-E676-44A1-B64E-68332A1CD12D}.Release|Any CPU.ActiveCfg = Release|Any CPU
		{09A59E4A-E676-44A1-B64E-68332A1CD12D}.Release|Any CPU.Build.0 = Release|Any CPU
	EndGlobalSection
	GlobalSection(SolutionProperties) = preSolution
		HideSolutionNode = FALSE
	EndGlobalSection
	GlobalSection(ExtensibilityGlobals) = postSolution
		SolutionGuid = {B463B02F-134D-465C-8DC3-F1169B574A41}
	EndGlobalSection
EndGlobal
